
Microsoft Visual Studio Solution File, Format Version 12.00
Project("{FAE04EC0-301F-11D3-BF4B-00C04F79EFBC}") = "Compiler", "src\Compiler.csproj", "{16965FF8-7D47-4228-AFA2-7B97E2983834}"
EndProject
Project("{FAE04EC0-301F-11D3-BF4B-00C04F79EFBC}") = "Tester", "Tester\Tester.csproj", "{283739DC-0B7B-4AA9-A279-A6F7D7F0F4B2}"
EndProject
Project("{FAE04EC0-301F-11D3-BF4B-00C04F79EFBC}") = "FixTests", "FixTests\FixTests.csproj", "{EE264BF6-CB5C-45E3-8E7F-081F66685A41}"
EndProject
Global
	GlobalSection(SolutionConfigurationPlatforms) = preSolution
		Debug|Any CPU = Debug|Any CPU
		Release|Any CPU = Release|Any CPU
	EndGlobalSection
	GlobalSection(ProjectConfigurationPlatforms) = postSolution
		{16965FF8-7D47-4228-AFA2-7B97E2983834}.Debug|Any CPU.ActiveCfg = Debug|Any CPU
		{16965FF8-7D47-4228-AFA2-7B97E2983834}.Debug|Any CPU.Build.0 = Debug|Any CPU
		{16965FF8-7D47-4228-AFA2-7B97E2983834}.Release|Any CPU.ActiveCfg = Release|Any CPU
		{16965FF8-7D47-4228-AFA2-7B97E2983834}.Release|Any CPU.Build.0 = Release|Any CPU
		{283739DC-0B7B-4AA9-A279-A6F7D7F0F4B2}.Debug|Any CPU.ActiveCfg = Debug|Any CPU
		{283739DC-0B7B-4AA9-A279-A6F7D7F0F4B2}.Debug|Any CPU.Build.0 = Debug|Any CPU
		{283739DC-0B7B-4AA9-A279-A6F7D7F0F4B2}.Release|Any CPU.ActiveCfg = Release|Any CPU
		{283739DC-0B7B-4AA9-A279-A6F7D7F0F4B2}.Release|Any CPU.Build.0 = Release|Any CPU
		{EE264BF6-CB5C-45E3-8E7F-081F66685A41}.Debug|Any CPU.ActiveCfg = Debug|Any CPU
		{EE264BF6-CB5C-45E3-8E7F-081F66685A41}.Debug|Any CPU.Build.0 = Debug|Any CPU
		{EE264BF6-CB5C-45E3-8E7F-081F66685A41}.Release|Any CPU.ActiveCfg = Release|Any CPU
		{EE264BF6-CB5C-45E3-8E7F-081F66685A41}.Release|Any CPU.Build.0 = Release|Any CPU
	EndGlobalSection
EndGlobal
